
Microsoft Visual Studio Solution File, Format Version 12.00
# Visual Studio 15
VisualStudioVersion = 15.0.28307.1622
MinimumVisualStudioVersion = 10.0.40219.1
Project("{8BC9CEB8-8B4A-11D0-8D11-00A0C91BC942}") = "MPI_Star_Scatter", "MPI_Star_Scatter\MPI_Star_Scatter.vcxproj", "{7ABB9FC0-9572-4EBC-B2DF-C4AA8940CF5F}"
EndProject
Global
	GlobalSection(SolutionConfigurationPlatforms) = preSolution
		Debug|x64 = Debug|x64
		Debug|x86 = Debug|x86
		Release|x64 = Release|x64
		Release|x86 = Release|x86
	EndGlobalSection
	GlobalSection(ProjectConfigurationPlatforms) = postSolution
		{7ABB9FC0-9572-4EBC-B2DF-C4AA8940CF5F}.Debug|x64.ActiveCfg = Debug|x64
		{7ABB9FC0-9572-4EBC-B2DF-C4AA8940CF5F}.Debug|x64.Build.0 = Debug|x64
		{7ABB9FC0-9572-4EBC-B2DF-C4AA8940CF5F}.Debug|x86.ActiveCfg = Debug|Win32
		{7ABB9FC0-9572-4EBC-B2DF-C4AA8940CF5F}.Debug|x86.Build.0 = Debug|Win32
		{7ABB9FC0-9572-4EBC-B2DF-C4AA8940CF5F}.Release|x64.ActiveCfg = Release|x64
		{7ABB9FC0-9572-4EBC-B2DF-C4AA8940CF5F}.Release|x64.Build.0 = Release|x64
		{7ABB9FC0-9572-4EBC-B2DF-C4AA8940CF5F}.Release|x86.ActiveCfg = Release|Win32
		{7ABB9FC0-9572-4EBC-B2DF-C4AA8940CF5F}.Release|x86.Build.0 = Release|Win32
	EndGlobalSection
	GlobalSection(SolutionProperties) = preSolution
		HideSolutionNode = FALSE
	EndGlobalSection
	GlobalSection(ExtensibilityGlobals) = postSolution
		SolutionGuid = {A240B58C-E8B8-4F9D-A09D-D30526409BAF}
	EndGlobalSection
EndGlobal
